
Microsoft Visual Studio Solution File, Format Version 12.00
# Visual Studio Version 17
VisualStudioVersion = 17.1.32414.318
MinimumVisualStudioVersion = 10.0.40219.1
Project("{FAE04EC0-301F-11D3-BF4B-00C04F79EFBC}") = "LINQProductReview", "LINQProductReview\LINQProductReview.csproj", "{FDDB9F3F-F4BD-4C85-8599-989B609E2DD1}"
EndProject
Project("{FAE04EC0-301F-11D3-BF4B-00C04F79EFBC}") = "uc1-createvariablelist", "uc1-createvariablelist\uc1-createvariablelist.csproj", "{BCB7F852-6068-405F-AAB3-0D08E3B846F6}"
EndProject
Project("{FAE04EC0-301F-11D3-BF4B-00C04F79EFBC}") = "uc2-retrievetoprecord", "uc2-retrievetoprecord\uc2-retrievetoprecord.csproj", "{50ED2A87-C2D7-4ADD-BA42-49F6B6B59A27}"
EndProject
Project("{FAE04EC0-301F-11D3-BF4B-00C04F79EFBC}") = "uc3-ratinggreaterthan3", "uc3-ratinggreaterthan3\uc3-ratinggreaterthan3.csproj", "{2DDA4718-1F44-48CF-87F7-2E41B7F47DD4}"
EndProject
Project("{FAE04EC0-301F-11D3-BF4B-00C04F79EFBC}") = "uc4-retrievecountbyproductid", "uc4-retrievecountbyproductid\uc4-retrievecountbyproductid.csproj", "{A2D098B8-C1C5-440E-90BA-94852245E8CD}"
EndProject
Project("{FAE04EC0-301F-11D3-BF4B-00C04F79EFBC}") = "uc5-retrieveonlyproductid", "uc5-retrieveonlyproductid\uc5-retrieveonlyproductid.csproj", "{42053610-78BA-4CE2-8B91-C3FCF4B00D04}"
EndProject
Project("{FAE04EC0-301F-11D3-BF4B-00C04F79EFBC}") = "uc6-skiptop5records", "uc6-skiptop5records\uc6-skiptop5records.csproj", "{7BD224A5-BE33-4421-9419-C514FBAE4138}"
EndProject
Project("{FAE04EC0-301F-11D3-BF4B-00C04F79EFBC}") = "uc7-datatables", "uc7-datatables\uc7-datatables.csproj", "{B8E81DB2-B5F0-4E5F-9E10-589F7669E586}"
EndProject
Project("{FAE04EC0-301F-11D3-BF4B-00C04F79EFBC}") = "uc8-avgrating", "uc8-avgrating\uc8-avgrating.csproj", "{0AA0616B-4C4C-4913-BAC1-C84C41E8960A}"
EndProject
Global
	GlobalSection(SolutionConfigurationPlatforms) = preSolution
		Debug|Any CPU = Debug|Any CPU
		Release|Any CPU = Release|Any CPU
	EndGlobalSection
	GlobalSection(ProjectConfigurationPlatforms) = postSolution
		{FDDB9F3F-F4BD-4C85-8599-989B609E2DD1}.Debug|Any CPU.ActiveCfg = Debug|Any CPU
		{FDDB9F3F-F4BD-4C85-8599-989B609E2DD1}.Debug|Any CPU.Build.0 = Debug|Any CPU
		{FDDB9F3F-F4BD-4C85-8599-989B609E2DD1}.Release|Any CPU.ActiveCfg = Release|Any CPU
		{FDDB9F3F-F4BD-4C85-8599-989B609E2DD1}.Release|Any CPU.Build.0 = Release|Any CPU
		{BCB7F852-6068-405F-AAB3-0D08E3B846F6}.Debug|Any CPU.ActiveCfg = Debug|Any CPU
		{BCB7F852-6068-405F-AAB3-0D08E3B846F6}.Debug|Any CPU.Build.0 = Debug|Any CPU
		{BCB7F852-6068-405F-AAB3-0D08E3B846F6}.Release|Any CPU.ActiveCfg = Release|Any CPU
		{BCB7F852-6068-405F-AAB3-0D08E3B846F6}.Release|Any CPU.Build.0 = Release|Any CPU
		{50ED2A87-C2D7-4ADD-BA42-49F6B6B59A27}.Debug|Any CPU.ActiveCfg = Debug|Any CPU
		{50ED2A87-C2D7-4ADD-BA42-49F6B6B59A27}.Debug|Any CPU.Build.0 = Debug|Any CPU
		{50ED2A87-C2D7-4ADD-BA42-49F6B6B59A27}.Release|Any CPU.ActiveCfg = Release|Any CPU
		{50ED2A87-C2D7-4ADD-BA42-49F6B6B59A27}.Release|Any CPU.Build.0 = Release|Any CPU
		{2DDA4718-1F44-48CF-87F7-2E41B7F47DD4}.Debug|Any CPU.ActiveCfg = Debug|Any CPU
		{2DDA4718-1F44-48CF-87F7-2E41B7F47DD4}.Debug|Any CPU.Build.0 = Debug|Any CPU
		{2DDA4718-1F44-48CF-87F7-2E41B7F47DD4}.Release|Any CPU.ActiveCfg = Release|Any CPU
		{2DDA4718-1F44-48CF-87F7-2E41B7F47DD4}.Release|Any CPU.Build.0 = Release|Any CPU
		{A2D098B8-C1C5-440E-90BA-94852245E8CD}.Debug|Any CPU.ActiveCfg = Debug|Any CPU
		{A2D098B8-C1C5-440E-90BA-94852245E8CD}.Debug|Any CPU.Build.0 = Debug|Any CPU
		{A2D098B8-C1C5-440E-90BA-94852245E8CD}.Release|Any CPU.ActiveCfg = Release|Any CPU
		{A2D098B8-C1C5-440E-90BA-94852245E8CD}.Release|Any CPU.Build.0 = Release|Any CPU
		{42053610-78BA-4CE2-8B91-C3FCF4B00D04}.Debug|Any CPU.ActiveCfg = Debug|Any CPU
		{42053610-78BA-4CE2-8B91-C3FCF4B00D04}.Debug|Any CPU.Build.0 = Debug|Any CPU
		{42053610-78BA-4CE2-8B91-C3FCF4B00D04}.Release|Any CPU.ActiveCfg = Release|Any CPU
		{42053610-78BA-4CE2-8B91-C3FCF4B00D04}.Release|Any CPU.Build.0 = Release|Any CPU
		{7BD224A5-BE33-4421-9419-C514FBAE4138}.Debug|Any CPU.ActiveCfg = Debug|Any CPU
		{7BD224A5-BE33-4421-9419-C514FBAE4138}.Debug|Any CPU.Build.0 = Debug|Any CPU
		{7BD224A5-BE33-4421-9419-C514FBAE4138}.Release|Any CPU.ActiveCfg = Release|Any CPU
		{7BD224A5-BE33-4421-9419-C514FBAE4138}.Release|Any CPU.Build.0 = Release|Any CPU
		{B8E81DB2-B5F0-4E5F-9E10-589F7669E586}.Debug|Any CPU.ActiveCfg = Debug|Any CPU
		{B8E81DB2-B5F0-4E5F-9E10-589F7669E586}.Debug|Any CPU.Build.0 = Debug|Any CPU
		{B8E81DB2-B5F0-4E5F-9E10-589F7669E586}.Release|Any CPU.ActiveCfg = Release|Any CPU
		{B8E81DB2-B5F0-4E5F-9E10-589F7669E586}.Release|Any CPU.Build.0 = Release|Any CPU
		{0AA0616B-4C4C-4913-BAC1-C84C41E8960A}.Debug|Any CPU.ActiveCfg = Debug|Any CPU
		{0AA0616B-4C4C-4913-BAC1-C84C41E8960A}.Debug|Any CPU.Build.0 = Debug|Any CPU
		{0AA0616B-4C4C-4913-BAC1-C84C41E8960A}.Release|Any CPU.ActiveCfg = Release|Any CPU
		{0AA0616B-4C4C-4913-BAC1-C84C41E8960A}.Release|Any CPU.Build.0 = Release|Any CPU
	EndGlobalSection
	GlobalSection(SolutionProperties) = preSolution
		HideSolutionNode = FALSE
	EndGlobalSection
	GlobalSection(ExtensibilityGlobals) = postSolution
		SolutionGuid = {F9319021-E17C-4ABC-9921-A6E7E7F9CCB4}
	EndGlobalSection
EndGlobal
